
Microsoft Visual Studio Solution File, Format Version 12.00
# Visual Studio Version 16
VisualStudioVersion = 16.0.29728.190
MinimumVisualStudioVersion = 10.0.40219.1
Project("{FAE04EC0-301F-11D3-BF4B-00C04F79EFBC}") = "ByPassingFilters", "ByPassingFilters.csproj", "{7C0FC2C1-E796-4890-88EA-348053B13CFF}"
EndProject
Global
	GlobalSection(SolutionConfigurationPlatforms) = preSolution
		Debug|Any CPU = Debug|Any CPU
		Release|Any CPU = Release|Any CPU
	EndGlobalSection
	GlobalSection(ProjectConfigurationPlatforms) = postSolution
		{7C0FC2C1-E796-4890-88EA-348053B13CFF}.Debug|Any CPU.ActiveCfg = Debug|Any CPU
		{7C0FC2C1-E796-4890-88EA-348053B13CFF}.Debug|Any CPU.Build.0 = Debug|Any CPU
		{7C0FC2C1-E796-4890-88EA-348053B13CFF}.Release|Any CPU.ActiveCfg = Release|Any CPU
		{7C0FC2C1-E796-4890-88EA-348053B13CFF}.Release|Any CPU.Build.0 = Release|Any CPU
	EndGlobalSection
	GlobalSection(SolutionProperties) = preSolution
		HideSolutionNode = FALSE
	EndGlobalSection
	GlobalSection(ExtensibilityGlobals) = postSolution
		SolutionGuid = {221C522E-BF8B-41AC-B9D1-42CCA82C8B6B}
	EndGlobalSection
EndGlobal
